
Microsoft Visual Studio Solution File, Format Version 12.00
# Visual Studio Version 16
VisualStudioVersion = 16.0.30413.136
MinimumVisualStudioVersion = 10.0.40219.1
Project("{888888A0-9F3D-457C-B088-3A5042F75D52}") = "text_to_binary_to_sound", "text_to_binary_to_sound\text_to_binary_to_sound.pyproj", "{DE7E5BF3-2E50-41CD-942E-F25A3BFFA467}"
EndProject
Global
	GlobalSection(SolutionConfigurationPlatforms) = preSolution
		Debug|Any CPU = Debug|Any CPU
		Release|Any CPU = Release|Any CPU
	EndGlobalSection
	GlobalSection(ProjectConfigurationPlatforms) = postSolution
		{DE7E5BF3-2E50-41CD-942E-F25A3BFFA467}.Debug|Any CPU.ActiveCfg = Debug|Any CPU
		{DE7E5BF3-2E50-41CD-942E-F25A3BFFA467}.Release|Any CPU.ActiveCfg = Release|Any CPU
	EndGlobalSection
	GlobalSection(SolutionProperties) = preSolution
		HideSolutionNode = FALSE
	EndGlobalSection
	GlobalSection(ExtensibilityGlobals) = postSolution
		SolutionGuid = {DAA1D61E-B789-403C-91F2-B0E555E24FC6}
	EndGlobalSection
EndGlobal
